# This file is automatically @generated by Cargo.
# It is not intended for manual editing.
version = 3

[[package]]
name = "cubik_common"
version = "0.1.0"

[[package]]
name = "cubik_dashboard"
version = "0.1.0"
dependencies = [
 "cubik_common",
]

[[package]]
name = "cubik_web"
version = "0.1.0"
dependencies = [
 "cubik_common",
]
